
Microsoft Visual Studio Solution File, Format Version 12.00
Project("{FAE04EC0-301F-11D3-BF4B-00C04F79EFBC}") = "PR1-3", "PR1-3\PR1-3.csproj", "{4B106BB9-FE45-4323-81B7-B71639B2084E}"
EndProject
Global
	GlobalSection(SolutionConfigurationPlatforms) = preSolution
		Debug|Any CPU = Debug|Any CPU
		Release|Any CPU = Release|Any CPU
	EndGlobalSection
	GlobalSection(ProjectConfigurationPlatforms) = postSolution
		{4B106BB9-FE45-4323-81B7-B71639B2084E}.Debug|Any CPU.ActiveCfg = Debug|Any CPU
		{4B106BB9-FE45-4323-81B7-B71639B2084E}.Debug|Any CPU.Build.0 = Debug|Any CPU
		{4B106BB9-FE45-4323-81B7-B71639B2084E}.Release|Any CPU.ActiveCfg = Release|Any CPU
		{4B106BB9-FE45-4323-81B7-B71639B2084E}.Release|Any CPU.Build.0 = Release|Any CPU
	EndGlobalSection
EndGlobal
